// !$*UTF8*$!
{
	archiveVersion = 1;
	classes = {
	};
	objectVersion = 50;
	objects = {

/* Begin PBXBuildFile section */
		3E0A4075228488BE003F4470 /* ADL_Array.swift in Sources */ = {isa = PBXBuildFile; fileRef = 3E0A4074228488BE003F4470 /* ADL_Array.swift */; };
		3E0C27EF2286733F0095533E /* ArrayTests.swift in Sources */ = {isa = PBXBuildFile; fileRef = 3E0C27EE2286733F0095533E /* ArrayTests.swift */; };
		3E1666F622C9124A00AFF2C7 /* ADL_BinarySearchTree.swift in Sources */ = {isa = PBXBuildFile; fileRef = 3E1666F522C9124A00AFF2C7 /* ADL_BinarySearchTree.swift */; };
		3E1666FF22CBBA8B00AFF2C7 /* ADL_DoublyLinkedList.swift in Sources */ = {isa = PBXBuildFile; fileRef = 3E52F7802280FFB900E3A755 /* ADL_DoublyLinkedList.swift */; };
		3E3914E922CE7C17007C8125 /* MaxSubsetSum.swift in Sources */ = {isa = PBXBuildFile; fileRef = 3E3914E822CE7C17007C8125 /* MaxSubsetSum.swift */; };
		3E3914EB22CE84A1007C8125 /* MaxSubsetSumTests.swift in Sources */ = {isa = PBXBuildFile; fileRef = 3E3914EA22CE84A1007C8125 /* MaxSubsetSumTests.swift */; };
		3E52EA002289E97200723A26 /* QueueTests.swift in Sources */ = {isa = PBXBuildFile; fileRef = 3E52E9FF2289E97200723A26 /* QueueTests.swift */; };
		3E52EA032289EB0700723A26 /* ADL_Queue.swift in Sources */ = {isa = PBXBuildFile; fileRef = 3E52EA012289EAFD00723A26 /* ADL_Queue.swift */; };
		3E52EA052289EB6300723A26 /* Misc.swift in Sources */ = {isa = PBXBuildFile; fileRef = 3E52EA042289EB6300723A26 /* Misc.swift */; };
		3E52F7792280C13F00E3A755 /* ADL_SinglyLinkedList.swift in Sources */ = {isa = PBXBuildFile; fileRef = 3EEAD085227EB21900B6540D /* ADL_SinglyLinkedList.swift */; };
		3E52F78522810B6E00E3A755 /* DoublyLinkedListTests.swift in Sources */ = {isa = PBXBuildFile; fileRef = 3E52F7772280C10C00E3A755 /* DoublyLinkedListTests.swift */; };
		3E5A663722D334FF003B99F5 /* ADL_BinaryHeap.swift in Sources */ = {isa = PBXBuildFile; fileRef = 3E5A663622D334FF003B99F5 /* ADL_BinaryHeap.swift */; };
		3E5A663922D34CCE003B99F5 /* HeapTests.swift in Sources */ = {isa = PBXBuildFile; fileRef = 3E5A663822D34CCE003B99F5 /* HeapTests.swift */; };
		3E5D006022CC7CB5004E97CC /* BinaryTreeTests.swift in Sources */ = {isa = PBXBuildFile; fileRef = 3E5D005F22CC7CB5004E97CC /* BinaryTreeTests.swift */; };
		3ED2EC64228B1CAD00AEA2F5 /* ADL_BinaryTree.swift in Sources */ = {isa = PBXBuildFile; fileRef = 3ED2EC63228B1CAD00AEA2F5 /* ADL_BinaryTree.swift */; };
		3ED9706322CCA5B0000A95AC /* ADL_Graph.swift in Sources */ = {isa = PBXBuildFile; fileRef = 3ED9706222CCA5B0000A95AC /* ADL_Graph.swift */; };
		3EEAD063227EB1B400B6540D /* AppDelegate.swift in Sources */ = {isa = PBXBuildFile; fileRef = 3EEAD062227EB1B400B6540D /* AppDelegate.swift */; };
		3EEAD065227EB1B400B6540D /* ViewController.swift in Sources */ = {isa = PBXBuildFile; fileRef = 3EEAD064227EB1B400B6540D /* ViewController.swift */; };
		3EEAD068227EB1B400B6540D /* Main.storyboard in Resources */ = {isa = PBXBuildFile; fileRef = 3EEAD066227EB1B400B6540D /* Main.storyboard */; };
		3EEAD06A227EB1B500B6540D /* Assets.xcassets in Resources */ = {isa = PBXBuildFile; fileRef = 3EEAD069227EB1B500B6540D /* Assets.xcassets */; };
		3EEAD06D227EB1B500B6540D /* LaunchScreen.storyboard in Resources */ = {isa = PBXBuildFile; fileRef = 3EEAD06B227EB1B500B6540D /* LaunchScreen.storyboard */; };
		3EEAD078227EB1B500B6540D /* SinglyLinkedListTests.swift in Sources */ = {isa = PBXBuildFile; fileRef = 3EEAD077227EB1B500B6540D /* SinglyLinkedListTests.swift */; };
		3EEAD08B227EB23100B6540D /* Int+Extensions.swift in Sources */ = {isa = PBXBuildFile; fileRef = 3EEAD083227EB21900B6540D /* Int+Extensions.swift */; };
		3EF04A0622DC47AF007B1E8B /* Array+BubbleSort.swift in Sources */ = {isa = PBXBuildFile; fileRef = 3EF04A0522DC47AF007B1E8B /* Array+BubbleSort.swift */; };
		3EF04A0822DC4DC2007B1E8B /* BubbleSortTests.swift in Sources */ = {isa = PBXBuildFile; fileRef = 3EF04A0722DC4DC2007B1E8B /* BubbleSortTests.swift */; };
		3EF04A0A22DC6539007B1E8B /* Array+InsertionSort.swift in Sources */ = {isa = PBXBuildFile; fileRef = 3EF04A0922DC6539007B1E8B /* Array+InsertionSort.swift */; };
		3EF04A0C22DEB0D5007B1E8B /* ADL_Dictionary.swift in Sources */ = {isa = PBXBuildFile; fileRef = 3EF04A0B22DEB0D5007B1E8B /* ADL_Dictionary.swift */; };
		3EF42F5722E78B5C0078BFED /* Singleton.swift in Sources */ = {isa = PBXBuildFile; fileRef = 3EF42F5622E78B5C0078BFED /* Singleton.swift */; };
		3EF595932283EB6D007A2AC8 /* ADL_Stack.swift in Sources */ = {isa = PBXBuildFile; fileRef = 3EF595922283EB6D007A2AC8 /* ADL_Stack.swift */; };
		3EF768CB2287F4D800F3CC06 /* StackTests.swift in Sources */ = {isa = PBXBuildFile; fileRef = 3EF768CA2287F4D800F3CC06 /* StackTests.swift */; };
		3EFDEF9522E19A1000A22721 /* DictionaryTests.swift in Sources */ = {isa = PBXBuildFile; fileRef = 3EFDEF9422E19A1000A22721 /* DictionaryTests.swift */; };
		7C4CE7C92AC9672600A4B7AB /* GraphTests.swift in Sources */ = {isa = PBXBuildFile; fileRef = 7C4CE7C82AC9672600A4B7AB /* GraphTests.swift */; };
/* End PBXBuildFile section */

/* Begin PBXContainerItemProxy section */
		3EEAD074227EB1B500B6540D /* PBXContainerItemProxy */ = {
			isa = PBXContainerItemProxy;
			containerPortal = 3EEAD057227EB1B400B6540D /* Project object */;
			proxyType = 1;
			remoteGlobalIDString = 3EEAD05E227EB1B400B6540D;
			remoteInfo = experiments;
		};
/* End PBXContainerItemProxy section */

/* Begin PBXFileReference section */
		3E0A4074228488BE003F4470 /* ADL_Array.swift */ = {isa = PBXFileReference; lastKnownFileType = sourcecode.swift; path = ADL_Array.swift; sourceTree = "<group>"; };
		3E0C27EE2286733F0095533E /* ArrayTests.swift */ = {isa = PBXFileReference; lastKnownFileType = sourcecode.swift; path = ArrayTests.swift; sourceTree = "<group>"; };
		3E1666F522C9124A00AFF2C7 /* ADL_BinarySearchTree.swift */ = {isa = PBXFileReference; fileEncoding = 4; lastKnownFileType = sourcecode.swift; path = ADL_BinarySearchTree.swift; sourceTree = "<group>"; };
		3E1666F722C917C000AFF2C7 /* README.md */ = {isa = PBXFileReference; lastKnownFileType = net.daringfireball.markdown; path = README.md; sourceTree = "<group>"; };
		3E1666F822C917DF00AFF2C7 /* LICENSE.txt */ = {isa = PBXFileReference; fileEncoding = 4; lastKnownFileType = text; path = LICENSE.txt; sourceTree = "<group>"; };
		3E1666FA22C918D100AFF2C7 /* BIBLIO.txt */ = {isa = PBXFileReference; fileEncoding = 4; lastKnownFileType = text; path = BIBLIO.txt; sourceTree = "<group>"; };
		3E3914E822CE7C17007C8125 /* MaxSubsetSum.swift */ = {isa = PBXFileReference; lastKnownFileType = sourcecode.swift; path = MaxSubsetSum.swift; sourceTree = "<group>"; };
		3E3914EA22CE84A1007C8125 /* MaxSubsetSumTests.swift */ = {isa = PBXFileReference; lastKnownFileType = sourcecode.swift; path = MaxSubsetSumTests.swift; sourceTree = "<group>"; };
		3E52E9FF2289E97200723A26 /* QueueTests.swift */ = {isa = PBXFileReference; fileEncoding = 4; lastKnownFileType = sourcecode.swift; path = QueueTests.swift; sourceTree = "<group>"; };
		3E52EA012289EAFD00723A26 /* ADL_Queue.swift */ = {isa = PBXFileReference; fileEncoding = 4; lastKnownFileType = sourcecode.swift; path = ADL_Queue.swift; sourceTree = "<group>"; };
		3E52EA042289EB6300723A26 /* Misc.swift */ = {isa = PBXFileReference; fileEncoding = 4; lastKnownFileType = sourcecode.swift; path = Misc.swift; sourceTree = "<group>"; };
		3E52F7772280C10C00E3A755 /* DoublyLinkedListTests.swift */ = {isa = PBXFileReference; fileEncoding = 4; lastKnownFileType = sourcecode.swift; path = DoublyLinkedListTests.swift; sourceTree = "<group>"; };
		3E52F7802280FFB900E3A755 /* ADL_DoublyLinkedList.swift */ = {isa = PBXFileReference; fileEncoding = 4; lastKnownFileType = sourcecode.swift; path = ADL_DoublyLinkedList.swift; sourceTree = "<group>"; };
		3E5A663622D334FF003B99F5 /* ADL_BinaryHeap.swift */ = {isa = PBXFileReference; lastKnownFileType = sourcecode.swift; path = ADL_BinaryHeap.swift; sourceTree = "<group>"; };
		3E5A663822D34CCE003B99F5 /* HeapTests.swift */ = {isa = PBXFileReference; lastKnownFileType = sourcecode.swift; path = HeapTests.swift; sourceTree = "<group>"; };
		3E5D005F22CC7CB5004E97CC /* BinaryTreeTests.swift */ = {isa = PBXFileReference; fileEncoding = 4; lastKnownFileType = sourcecode.swift; path = BinaryTreeTests.swift; sourceTree = "<group>"; };
		3E81A4D722D4066200565D98 /* .gitlab-ci.yml */ = {isa = PBXFileReference; lastKnownFileType = text; path = ".gitlab-ci.yml"; sourceTree = "<group>"; };
		3EB35B6622893C5000542E97 /* ProgrammerAssertions.swift */ = {isa = PBXFileReference; fileEncoding = 4; lastKnownFileType = sourcecode.swift; path = ProgrammerAssertions.swift; sourceTree = "<group>"; };
		3EB35B6822893C8800542E97 /* XCTestCase+ProgrammerAssertions.swift */ = {isa = PBXFileReference; fileEncoding = 4; lastKnownFileType = sourcecode.swift; path = "XCTestCase+ProgrammerAssertions.swift"; sourceTree = "<group>"; };
		3EC1BA6822A38DD600E1F53A /* Staging.xcconfig */ = {isa = PBXFileReference; lastKnownFileType = text.xcconfig; path = Staging.xcconfig; sourceTree = "<group>"; };
		3EC1BA6C22A38E4500E1F53A /* Debug.xcconfig */ = {isa = PBXFileReference; lastKnownFileType = text.xcconfig; path = Debug.xcconfig; sourceTree = "<group>"; };
		3EC1BA6D22A38E4E00E1F53A /* Release.xcconfig */ = {isa = PBXFileReference; lastKnownFileType = text.xcconfig; path = Release.xcconfig; sourceTree = "<group>"; };
		3ED2EC63228B1CAD00AEA2F5 /* ADL_BinaryTree.swift */ = {isa = PBXFileReference; fileEncoding = 4; lastKnownFileType = sourcecode.swift; path = ADL_BinaryTree.swift; sourceTree = "<group>"; };
		3ED9706222CCA5B0000A95AC /* ADL_Graph.swift */ = {isa = PBXFileReference; fileEncoding = 4; lastKnownFileType = sourcecode.swift; path = ADL_Graph.swift; sourceTree = "<group>"; };
		3EEAD05F227EB1B400B6540D /* experiments.app */ = {isa = PBXFileReference; explicitFileType = wrapper.application; includeInIndex = 0; path = experiments.app; sourceTree = BUILT_PRODUCTS_DIR; };
		3EEAD062227EB1B400B6540D /* AppDelegate.swift */ = {isa = PBXFileReference; lastKnownFileType = sourcecode.swift; path = AppDelegate.swift; sourceTree = "<group>"; };
		3EEAD064227EB1B400B6540D /* ViewController.swift */ = {isa = PBXFileReference; lastKnownFileType = sourcecode.swift; path = ViewController.swift; sourceTree = "<group>"; };
		3EEAD067227EB1B400B6540D /* Base */ = {isa = PBXFileReference; lastKnownFileType = file.storyboard; name = Base; path = Base.lproj/Main.storyboard; sourceTree = "<group>"; };
		3EEAD069227EB1B500B6540D /* Assets.xcassets */ = {isa = PBXFileReference; lastKnownFileType = folder.assetcatalog; path = Assets.xcassets; sourceTree = "<group>"; };
		3EEAD06C227EB1B500B6540D /* Base */ = {isa = PBXFileReference; lastKnownFileType = file.storyboard; name = Base; path = Base.lproj/LaunchScreen.storyboard; sourceTree = "<group>"; };
		3EEAD06E227EB1B500B6540D /* Info.plist */ = {isa = PBXFileReference; lastKnownFileType = text.plist.xml; path = Info.plist; sourceTree = "<group>"; };
		3EEAD073227EB1B500B6540D /* experimentsTests.xctest */ = {isa = PBXFileReference; explicitFileType = wrapper.cfbundle; includeInIndex = 0; path = experimentsTests.xctest; sourceTree = BUILT_PRODUCTS_DIR; };
		3EEAD077227EB1B500B6540D /* SinglyLinkedListTests.swift */ = {isa = PBXFileReference; lastKnownFileType = sourcecode.swift; path = SinglyLinkedListTests.swift; sourceTree = "<group>"; };
		3EEAD079227EB1B500B6540D /* Info.plist */ = {isa = PBXFileReference; lastKnownFileType = text.plist.xml; path = Info.plist; sourceTree = "<group>"; };
		3EEAD083227EB21900B6540D /* Int+Extensions.swift */ = {isa = PBXFileReference; lastKnownFileType = sourcecode.swift; path = "Int+Extensions.swift"; sourceTree = "<group>"; };
		3EEAD085227EB21900B6540D /* ADL_SinglyLinkedList.swift */ = {isa = PBXFileReference; lastKnownFileType = sourcecode.swift; path = ADL_SinglyLinkedList.swift; sourceTree = "<group>"; };
		3EF04A0522DC47AF007B1E8B /* Array+BubbleSort.swift */ = {isa = PBXFileReference; lastKnownFileType = sourcecode.swift; path = "Array+BubbleSort.swift"; sourceTree = "<group>"; };
		3EF04A0722DC4DC2007B1E8B /* BubbleSortTests.swift */ = {isa = PBXFileReference; lastKnownFileType = sourcecode.swift; path = BubbleSortTests.swift; sourceTree = "<group>"; };
		3EF04A0922DC6539007B1E8B /* Array+InsertionSort.swift */ = {isa = PBXFileReference; lastKnownFileType = sourcecode.swift; path = "Array+InsertionSort.swift"; sourceTree = "<group>"; };
		3EF04A0B22DEB0D5007B1E8B /* ADL_Dictionary.swift */ = {isa = PBXFileReference; lastKnownFileType = sourcecode.swift; path = ADL_Dictionary.swift; sourceTree = "<group>"; };
		3EF42F5622E78B5C0078BFED /* Singleton.swift */ = {isa = PBXFileReference; lastKnownFileType = sourcecode.swift; path = Singleton.swift; sourceTree = "<group>"; };
		3EF595922283EB6D007A2AC8 /* ADL_Stack.swift */ = {isa = PBXFileReference; lastKnownFileType = sourcecode.swift; path = ADL_Stack.swift; sourceTree = "<group>"; };
		3EF768CA2287F4D800F3CC06 /* StackTests.swift */ = {isa = PBXFileReference; lastKnownFileType = sourcecode.swift; path = StackTests.swift; sourceTree = "<group>"; };
		3EFDEF9422E19A1000A22721 /* DictionaryTests.swift */ = {isa = PBXFileReference; lastKnownFileType = sourcecode.swift; path = DictionaryTests.swift; sourceTree = "<group>"; };
		7C4CE7C82AC9672600A4B7AB /* GraphTests.swift */ = {isa = PBXFileReference; lastKnownFileType = sourcecode.swift; path = GraphTests.swift; sourceTree = "<group>"; };
/* End PBXFileReference section */

/* Begin PBXFrameworksBuildPhase section */
		3EEAD05C227EB1B400B6540D /* Frameworks */ = {
			isa = PBXFrameworksBuildPhase;
			buildActionMask = 2147483647;
			files = (
			);
			runOnlyForDeploymentPostprocessing = 0;
		};
		3EEAD070227EB1B500B6540D /* Frameworks */ = {
			isa = PBXFrameworksBuildPhase;
			buildActionMask = 2147483647;
			files = (
			);
			runOnlyForDeploymentPostprocessing = 0;
		};
/* End PBXFrameworksBuildPhase section */

/* Begin PBXGroup section */
		3EEAD056227EB1B400B6540D = {
			isa = PBXGroup;
			children = (
				3E81A4D722D4066200565D98 /* .gitlab-ci.yml */,
				3E1666F722C917C000AFF2C7 /* README.md */,
				3E1666F822C917DF00AFF2C7 /* LICENSE.txt */,
				3E1666FA22C918D100AFF2C7 /* BIBLIO.txt */,
				3EC1BA6C22A38E4500E1F53A /* Debug.xcconfig */,
				3EC1BA6D22A38E4E00E1F53A /* Release.xcconfig */,
				3EC1BA6822A38DD600E1F53A /* Staging.xcconfig */,
				3EEAD061227EB1B400B6540D /* experiments */,
				3EEAD082227EB1CC00B6540D /* Library */,
				3EEAD076227EB1B500B6540D /* experimentsTests */,
				3EEAD060227EB1B400B6540D /* Products */,
			);
			sourceTree = "<group>";
		};
		3EEAD060227EB1B400B6540D /* Products */ = {
			isa = PBXGroup;
			children = (
				3EEAD05F227EB1B400B6540D /* experiments.app */,
				3EEAD073227EB1B500B6540D /* experimentsTests.xctest */,
			);
			name = Products;
			sourceTree = "<group>";
		};
		3EEAD061227EB1B400B6540D /* experiments */ = {
			isa = PBXGroup;
			children = (
				3EEAD062227EB1B400B6540D /* AppDelegate.swift */,
				3EEAD064227EB1B400B6540D /* ViewController.swift */,
				3EEAD066227EB1B400B6540D /* Main.storyboard */,
				3EEAD069227EB1B500B6540D /* Assets.xcassets */,
				3EEAD06B227EB1B500B6540D /* LaunchScreen.storyboard */,
				3EEAD06E227EB1B500B6540D /* Info.plist */,
				3E3914E822CE7C17007C8125 /* MaxSubsetSum.swift */,
				3EF42F5622E78B5C0078BFED /* Singleton.swift */,
			);
			path = experiments;
			sourceTree = "<group>";
		};
		3EEAD076227EB1B500B6540D /* experimentsTests */ = {
			isa = PBXGroup;
			children = (
				3EB35B6822893C8800542E97 /* XCTestCase+ProgrammerAssertions.swift */,
				3E0C27EE2286733F0095533E /* ArrayTests.swift */,
				3EFDEF9422E19A1000A22721 /* DictionaryTests.swift */,
				3EF04A0722DC4DC2007B1E8B /* BubbleSortTests.swift */,
				3EEAD077227EB1B500B6540D /* SinglyLinkedListTests.swift */,
				3EF768CA2287F4D800F3CC06 /* StackTests.swift */,
				3E52E9FF2289E97200723A26 /* QueueTests.swift */,
				3E52F7772280C10C00E3A755 /* DoublyLinkedListTests.swift */,
				3E5D005F22CC7CB5004E97CC /* BinaryTreeTests.swift */,
				3EEAD079227EB1B500B6540D /* Info.plist */,
				3E3914EA22CE84A1007C8125 /* MaxSubsetSumTests.swift */,
				3E5A663822D34CCE003B99F5 /* HeapTests.swift */,
				7C4CE7C82AC9672600A4B7AB /* GraphTests.swift */,
			);
			path = experimentsTests;
			sourceTree = "<group>";
		};
		3EEAD082227EB1CC00B6540D /* Library */ = {
			isa = PBXGroup;
			children = (
				3EB35B6622893C5000542E97 /* ProgrammerAssertions.swift */,
				3E0A4074228488BE003F4470 /* ADL_Array.swift */,
				3EF04A0B22DEB0D5007B1E8B /* ADL_Dictionary.swift */,
				3EF04A0522DC47AF007B1E8B /* Array+BubbleSort.swift */,
				3EF04A0922DC6539007B1E8B /* Array+InsertionSort.swift */,
				3E5A663622D334FF003B99F5 /* ADL_BinaryHeap.swift */,
				3E1666F522C9124A00AFF2C7 /* ADL_BinarySearchTree.swift */,
				3ED2EC63228B1CAD00AEA2F5 /* ADL_BinaryTree.swift */,
				3E52F7802280FFB900E3A755 /* ADL_DoublyLinkedList.swift */,
				3ED9706222CCA5B0000A95AC /* ADL_Graph.swift */,
				3E52EA012289EAFD00723A26 /* ADL_Queue.swift */,
				3EEAD085227EB21900B6540D /* ADL_SinglyLinkedList.swift */,
				3EF595922283EB6D007A2AC8 /* ADL_Stack.swift */,
				3EEAD083227EB21900B6540D /* Int+Extensions.swift */,
				3E52EA042289EB6300723A26 /* Misc.swift */,
			);
			path = Library;
			sourceTree = "<group>";
		};
/* End PBXGroup section */

/* Begin PBXNativeTarget section */
		3EEAD05E227EB1B400B6540D /* experiments */ = {
			isa = PBXNativeTarget;
			buildConfigurationList = 3EEAD07C227EB1B500B6540D /* Build configuration list for PBXNativeTarget "experiments" */;
			buildPhases = (
				3EEAD05B227EB1B400B6540D /* Sources */,
				3EEAD05C227EB1B400B6540D /* Frameworks */,
				3EEAD05D227EB1B400B6540D /* Resources */,
			);
			buildRules = (
			);
			dependencies = (
			);
			name = experiments;
			productName = experiments;
			productReference = 3EEAD05F227EB1B400B6540D /* experiments.app */;
			productType = "com.apple.product-type.application";
		};
		3EEAD072227EB1B500B6540D /* experimentsTests */ = {
			isa = PBXNativeTarget;
			buildConfigurationList = 3EEAD07F227EB1B500B6540D /* Build configuration list for PBXNativeTarget "experimentsTests" */;
			buildPhases = (
				3EEAD06F227EB1B500B6540D /* Sources */,
				3EEAD070227EB1B500B6540D /* Frameworks */,
				3EEAD071227EB1B500B6540D /* Resources */,
			);
			buildRules = (
			);
			dependencies = (
				3EEAD075227EB1B500B6540D /* PBXTargetDependency */,
			);
			name = experimentsTests;
			productName = experimentsTests;
			productReference = 3EEAD073227EB1B500B6540D /* experimentsTests.xctest */;
			productType = "com.apple.product-type.bundle.unit-test";
		};
/* End PBXNativeTarget section */

/* Begin PBXProject section */
		3EEAD057227EB1B400B6540D /* Project object */ = {
			isa = PBXProject;
			attributes = {
				LastSwiftUpdateCheck = 1020;
				LastUpgradeCheck = 1020;
				ORGANIZATIONNAME = 4MFD;
				TargetAttributes = {
					3EEAD05E227EB1B400B6540D = {
						CreatedOnToolsVersion = 10.2.1;
					};
					3EEAD072227EB1B500B6540D = {
						CreatedOnToolsVersion = 10.2.1;
						TestTargetID = 3EEAD05E227EB1B400B6540D;
					};
				};
			};
			buildConfigurationList = 3EEAD05A227EB1B400B6540D /* Build configuration list for PBXProject "experiments" */;
			compatibilityVersion = "Xcode 9.3";
			developmentRegion = en;
			hasScannedForEncodings = 0;
			knownRegions = (
				en,
				Base,
			);
			mainGroup = 3EEAD056227EB1B400B6540D;
			productRefGroup = 3EEAD060227EB1B400B6540D /* Products */;
			projectDirPath = "";
			projectRoot = "";
			targets = (
				3EEAD05E227EB1B400B6540D /* experiments */,
				3EEAD072227EB1B500B6540D /* experimentsTests */,
			);
		};
/* End PBXProject section */

/* Begin PBXResourcesBuildPhase section */
		3EEAD05D227EB1B400B6540D /* Resources */ = {
			isa = PBXResourcesBuildPhase;
			buildActionMask = 2147483647;
			files = (
				3EEAD06D227EB1B500B6540D /* LaunchScreen.storyboard in Resources */,
				3EEAD06A227EB1B500B6540D /* Assets.xcassets in Resources */,
				3EEAD068227EB1B400B6540D /* Main.storyboard in Resources */,
			);
			runOnlyForDeploymentPostprocessing = 0;
		};
		3EEAD071227EB1B500B6540D /* Resources */ = {
			isa = PBXResourcesBuildPhase;
			buildActionMask = 2147483647;
			files = (
			);
			runOnlyForDeploymentPostprocessing = 0;
		};
/* End PBXResourcesBuildPhase section */

/* Begin PBXSourcesBuildPhase section */
		3EEAD05B227EB1B400B6540D /* Sources */ = {
			isa = PBXSourcesBuildPhase;
			buildActionMask = 2147483647;
			files = (
				3EEAD065227EB1B400B6540D /* ViewController.swift in Sources */,
				3E0A4075228488BE003F4470 /* ADL_Array.swift in Sources */,
				3E5A663722D334FF003B99F5 /* ADL_BinaryHeap.swift in Sources */,
				3ED9706322CCA5B0000A95AC /* ADL_Graph.swift in Sources */,
				3E1666FF22CBBA8B00AFF2C7 /* ADL_DoublyLinkedList.swift in Sources */,
				3E52F7792280C13F00E3A755 /* ADL_SinglyLinkedList.swift in Sources */,
				3ED2EC64228B1CAD00AEA2F5 /* ADL_BinaryTree.swift in Sources */,
				3EF04A0A22DC6539007B1E8B /* Array+InsertionSort.swift in Sources */,
				3E52EA052289EB6300723A26 /* Misc.swift in Sources */,
				3E52EA032289EB0700723A26 /* ADL_Queue.swift in Sources */,
				3EF04A0C22DEB0D5007B1E8B /* ADL_Dictionary.swift in Sources */,
				3EF595932283EB6D007A2AC8 /* ADL_Stack.swift in Sources */,
				3EF04A0622DC47AF007B1E8B /* Array+BubbleSort.swift in Sources */,
				3EF42F5722E78B5C0078BFED /* Singleton.swift in Sources */,
				3E3914E922CE7C17007C8125 /* MaxSubsetSum.swift in Sources */,
				3EEAD08B227EB23100B6540D /* Int+Extensions.swift in Sources */,
				3E1666F622C9124A00AFF2C7 /* ADL_BinarySearchTree.swift in Sources */,
				3EEAD063227EB1B400B6540D /* AppDelegate.swift in Sources */,
			);
			runOnlyForDeploymentPostprocessing = 0;
		};
		3EEAD06F227EB1B500B6540D /* Sources */ = {
			isa = PBXSourcesBuildPhase;
			buildActionMask = 2147483647;
			files = (
				3E5D006022CC7CB5004E97CC /* BinaryTreeTests.swift in Sources */,
				7C4CE7C92AC9672600A4B7AB /* GraphTests.swift in Sources */,
				3E3914EB22CE84A1007C8125 /* MaxSubsetSumTests.swift in Sources */,
				3EF768CB2287F4D800F3CC06 /* StackTests.swift in Sources */,
				3E5A663922D34CCE003B99F5 /* HeapTests.swift in Sources */,
				3EF04A0822DC4DC2007B1E8B /* BubbleSortTests.swift in Sources */,
				3EFDEF9522E19A1000A22721 /* DictionaryTests.swift in Sources */,
				3E52EA002289E97200723A26 /* QueueTests.swift in Sources */,
				3E0C27EF2286733F0095533E /* ArrayTests.swift in Sources */,
				3EEAD078227EB1B500B6540D /* SinglyLinkedListTests.swift in Sources */,
				3E52F78522810B6E00E3A755 /* DoublyLinkedListTests.swift in Sources */,
			);
			runOnlyForDeploymentPostprocessing = 0;
		};
/* End PBXSourcesBuildPhase section */

/* Begin PBXTargetDependency section */
		3EEAD075227EB1B500B6540D /* PBXTargetDependency */ = {
			isa = PBXTargetDependency;
			target = 3EEAD05E227EB1B400B6540D /* experiments */;
			targetProxy = 3EEAD074227EB1B500B6540D /* PBXContainerItemProxy */;
		};
/* End PBXTargetDependency section */

/* Begin PBXVariantGroup section */
		3EEAD066227EB1B400B6540D /* Main.storyboard */ = {
			isa = PBXVariantGroup;
			children = (
				3EEAD067227EB1B400B6540D /* Base */,
			);
			name = Main.storyboard;
			sourceTree = "<group>";
		};
		3EEAD06B227EB1B500B6540D /* LaunchScreen.storyboard */ = {
			isa = PBXVariantGroup;
			children = (
				3EEAD06C227EB1B500B6540D /* Base */,
			);
			name = LaunchScreen.storyboard;
			sourceTree = "<group>";
		};
/* End PBXVariantGroup section */

/* Begin XCBuildConfiguration section */
		3EC1BA6422A38D6200E1F53A /* Staging */ = {
			isa = XCBuildConfiguration;
			baseConfigurationReference = 3EC1BA6822A38DD600E1F53A /* Staging.xcconfig */;
			buildSettings = {
				ALWAYS_SEARCH_USER_PATHS = NO;
				CLANG_ANALYZER_NONNULL = YES;
				CLANG_ANALYZER_NUMBER_OBJECT_CONVERSION = YES_AGGRESSIVE;
				CLANG_CXX_LANGUAGE_STANDARD = "gnu++14";
				CLANG_CXX_LIBRARY = "libc++";
				CLANG_ENABLE_MODULES = YES;
				CLANG_ENABLE_OBJC_ARC = YES;
				CLANG_ENABLE_OBJC_WEAK = YES;
				CLANG_WARN_BLOCK_CAPTURE_AUTORELEASING = YES;
				CLANG_WARN_BOOL_CONVERSION = YES;
				CLANG_WARN_COMMA = YES;
				CLANG_WARN_CONSTANT_CONVERSION = YES;
				CLANG_WARN_DEPRECATED_OBJC_IMPLEMENTATIONS = YES;
				CLANG_WARN_DIRECT_OBJC_ISA_USAGE = YES_ERROR;
				CLANG_WARN_DOCUMENTATION_COMMENTS = YES;
				CLANG_WARN_EMPTY_BODY = YES;
				CLANG_WARN_ENUM_CONVERSION = YES;
				CLANG_WARN_INFINITE_RECURSION = YES;
				CLANG_WARN_INT_CONVERSION = YES;
				CLANG_WARN_NON_LITERAL_NULL_CONVERSION = YES;
				CLANG_WARN_OBJC_IMPLICIT_RETAIN_SELF = YES;
				CLANG_WARN_OBJC_LITERAL_CONVERSION = YES;
				CLANG_WARN_OBJC_ROOT_CLASS = YES_ERROR;
				CLANG_WARN_RANGE_LOOP_ANALYSIS = YES;
				CLANG_WARN_STRICT_PROTOTYPES = YES;
				CLANG_WARN_SUSPICIOUS_MOVE = YES;
				CLANG_WARN_UNGUARDED_AVAILABILITY = YES_AGGRESSIVE;
				CLANG_WARN_UNREACHABLE_CODE = YES;
				CLANG_WARN__DUPLICATE_METHOD_MATCH = YES;
				CODE_SIGN_IDENTITY = "iPhone Developer";
				COPY_PHASE_STRIP = NO;
				DEBUG_INFORMATION_FORMAT = dwarf;
				ENABLE_STRICT_OBJC_MSGSEND = YES;
				ENABLE_TESTABILITY = YES;
				GCC_C_LANGUAGE_STANDARD = gnu11;
				GCC_DYNAMIC_NO_PIC = NO;
				GCC_NO_COMMON_BLOCKS = YES;
				GCC_OPTIMIZATION_LEVEL = 0;
				GCC_PREPROCESSOR_DEFINITIONS = (
					"DEBUG=1",
					"$(inherited)",
				);
				GCC_WARN_64_TO_32_BIT_CONVERSION = YES;
				GCC_WARN_ABOUT_RETURN_TYPE = YES_ERROR;
				GCC_WARN_UNDECLARED_SELECTOR = YES;
				GCC_WARN_UNINITIALIZED_AUTOS = YES_AGGRESSIVE;
				GCC_WARN_UNUSED_FUNCTION = YES;
				GCC_WARN_UNUSED_VARIABLE = YES;
				IPHONEOS_DEPLOYMENT_TARGET = 12.0;
				MTL_ENABLE_DEBUG_INFO = INCLUDE_SOURCE;
				MTL_FAST_MATH = YES;
				ONLY_ACTIVE_ARCH = YES;
				SDKROOT = iphoneos;
				SWIFT_ACTIVE_COMPILATION_CONDITIONS = DEBUG;
				SWIFT_OPTIMIZATION_LEVEL = "-Onone";
				SWIFT_VERSION = 5.0;
			};
			name = Staging;
		};
		3EC1BA6522A38D6200E1F53A /* Staging */ = {
			isa = XCBuildConfiguration;
			buildSettings = {
				ASSETCATALOG_COMPILER_APPICON_NAME = AppIcon;
				CODE_SIGN_IDENTITY = "iPhone Developer";
				CODE_SIGN_STYLE = Automatic;
				DEVELOPMENT_TEAM = KY9W9NLJDU;
				INFOPLIST_FILE = experiments/Info.plist;
				LD_RUNPATH_SEARCH_PATHS = (
					"$(inherited)",
					"@executable_path/Frameworks",
				);
				PRODUCT_BUNDLE_IDENTIFIER = com.4mfd.project.practice.experiments;
				PRODUCT_NAME = "$(TARGET_NAME)";
				PROVISIONING_PROFILE_SPECIFIER = "";
				SUPPORTED_PLATFORMS = "iphoneos iphonesimulator macosx";
				SUPPORTS_MACCATALYST = NO;
				SUPPORTS_MAC_DESIGNED_FOR_IPHONE_IPAD = YES;
				SWIFT_VERSION = 5.0;
				TARGETED_DEVICE_FAMILY = "1,2";
			};
			name = Staging;
		};
		3EC1BA6622A38D6200E1F53A /* Staging */ = {
			isa = XCBuildConfiguration;
			buildSettings = {
				ALWAYS_EMBED_SWIFT_STANDARD_LIBRARIES = YES;
				BUNDLE_LOADER = "$(TEST_HOST)";
				CODE_SIGN_STYLE = Automatic;
				DEVELOPMENT_TEAM = KY9W9NLJDU;
				INFOPLIST_FILE = experimentsTests/Info.plist;
				LD_RUNPATH_SEARCH_PATHS = (
					"$(inherited)",
					"@executable_path/Frameworks",
					"@loader_path/Frameworks",
				);
				PRODUCT_BUNDLE_IDENTIFIER = com.4mfd.project.practice.experimentsTests;
				PRODUCT_NAME = "$(TARGET_NAME)";
				SWIFT_VERSION = 5.0;
				TARGETED_DEVICE_FAMILY = "1,2";
				TEST_HOST = "$(BUILT_PRODUCTS_DIR)/experiments.app/experiments";
			};
			name = Staging;
		};
		3EEAD07A227EB1B500B6540D /* Debug */ = {
			isa = XCBuildConfiguration;
			baseConfigurationReference = 3EC1BA6C22A38E4500E1F53A /* Debug.xcconfig */;
			buildSettings = {
				ALWAYS_SEARCH_USER_PATHS = NO;
				CLANG_ANALYZER_NONNULL = YES;
				CLANG_ANALYZER_NUMBER_OBJECT_CONVERSION = YES_AGGRESSIVE;
				CLANG_CXX_LANGUAGE_STANDARD = "gnu++14";
				CLANG_CXX_LIBRARY = "libc++";
				CLANG_ENABLE_MODULES = YES;
				CLANG_ENABLE_OBJC_ARC = YES;
				CLANG_ENABLE_OBJC_WEAK = YES;
				CLANG_WARN_BLOCK_CAPTURE_AUTORELEASING = YES;
				CLANG_WARN_BOOL_CONVERSION = YES;
				CLANG_WARN_COMMA = YES;
				CLANG_WARN_CONSTANT_CONVERSION = YES;
				CLANG_WARN_DEPRECATED_OBJC_IMPLEMENTATIONS = YES;
				CLANG_WARN_DIRECT_OBJC_ISA_USAGE = YES_ERROR;
				CLANG_WARN_DOCUMENTATION_COMMENTS = YES;
				CLANG_WARN_EMPTY_BODY = YES;
				CLANG_WARN_ENUM_CONVERSION = YES;
				CLANG_WARN_INFINITE_RECURSION = YES;
				CLANG_WARN_INT_CONVERSION = YES;
				CLANG_WARN_NON_LITERAL_NULL_CONVERSION = YES;
				CLANG_WARN_OBJC_IMPLICIT_RETAIN_SELF = YES;
				CLANG_WARN_OBJC_LITERAL_CONVERSION = YES;
				CLANG_WARN_OBJC_ROOT_CLASS = YES_ERROR;
				CLANG_WARN_RANGE_LOOP_ANALYSIS = YES;
				CLANG_WARN_STRICT_PROTOTYPES = YES;
				CLANG_WARN_SUSPICIOUS_MOVE = YES;
				CLANG_WARN_UNGUARDED_AVAILABILITY = YES_AGGRESSIVE;
				CLANG_WARN_UNREACHABLE_CODE = YES;
				CLANG_WARN__DUPLICATE_METHOD_MATCH = YES;
				CODE_SIGN_IDENTITY = "iPhone Developer";
				COPY_PHASE_STRIP = NO;
				DEBUG_INFORMATION_FORMAT = dwarf;
				ENABLE_STRICT_OBJC_MSGSEND = YES;
				ENABLE_TESTABILITY = YES;
				GCC_C_LANGUAGE_STANDARD = gnu11;
				GCC_DYNAMIC_NO_PIC = NO;
				GCC_NO_COMMON_BLOCKS = YES;
				GCC_OPTIMIZATION_LEVEL = 0;
				GCC_PREPROCESSOR_DEFINITIONS = (
					"DEBUG=1",
					"$(inherited)",
				);
				GCC_WARN_64_TO_32_BIT_CONVERSION = YES;
				GCC_WARN_ABOUT_RETURN_TYPE = YES_ERROR;
				GCC_WARN_UNDECLARED_SELECTOR = YES;
				GCC_WARN_UNINITIALIZED_AUTOS = YES_AGGRESSIVE;
				GCC_WARN_UNUSED_FUNCTION = YES;
				GCC_WARN_UNUSED_VARIABLE = YES;
				IPHONEOS_DEPLOYMENT_TARGET = 12.0;
				MTL_ENABLE_DEBUG_INFO = INCLUDE_SOURCE;
				MTL_FAST_MATH = YES;
				ONLY_ACTIVE_ARCH = YES;
				SDKROOT = iphoneos;
				SWIFT_ACTIVE_COMPILATION_CONDITIONS = DEBUG;
				SWIFT_OPTIMIZATION_LEVEL = "-Onone";
				SWIFT_VERSION = 5.0;
			};
			name = Debug;
		};
		3EEAD07B227EB1B500B6540D /* Release */ = {
			isa = XCBuildConfiguration;
			baseConfigurationReference = 3EC1BA6D22A38E4E00E1F53A /* Release.xcconfig */;
			buildSettings = {
				ALWAYS_SEARCH_USER_PATHS = NO;
				CLANG_ANALYZER_NONNULL = YES;
				CLANG_ANALYZER_NUMBER_OBJECT_CONVERSION = YES_AGGRESSIVE;
				CLANG_CXX_LANGUAGE_STANDARD = "gnu++14";
				CLANG_CXX_LIBRARY = "libc++";
				CLANG_ENABLE_MODULES = YES;
				CLANG_ENABLE_OBJC_ARC = YES;
				CLANG_ENABLE_OBJC_WEAK = YES;
				CLANG_WARN_BLOCK_CAPTURE_AUTORELEASING = YES;
				CLANG_WARN_BOOL_CONVERSION = YES;
				CLANG_WARN_COMMA = YES;
				CLANG_WARN_CONSTANT_CONVERSION = YES;
				CLANG_WARN_DEPRECATED_OBJC_IMPLEMENTATIONS = YES;
				CLANG_WARN_DIRECT_OBJC_ISA_USAGE = YES_ERROR;
				CLANG_WARN_DOCUMENTATION_COMMENTS = YES;
				CLANG_WARN_EMPTY_BODY = YES;
				CLANG_WARN_ENUM_CONVERSION = YES;
				CLANG_WARN_INFINITE_RECURSION = YES;
				CLANG_WARN_INT_CONVERSION = YES;
				CLANG_WARN_NON_LITERAL_NULL_CONVERSION = YES;
				CLANG_WARN_OBJC_IMPLICIT_RETAIN_SELF = YES;
				CLANG_WARN_OBJC_LITERAL_CONVERSION = YES;
				CLANG_WARN_OBJC_ROOT_CLASS = YES_ERROR;
				CLANG_WARN_RANGE_LOOP_ANALYSIS = YES;
				CLANG_WARN_STRICT_PROTOTYPES = YES;
				CLANG_WARN_SUSPICIOUS_MOVE = YES;
				CLANG_WARN_UNGUARDED_AVAILABILITY = YES_AGGRESSIVE;
				CLANG_WARN_UNREACHABLE_CODE = YES;
				CLANG_WARN__DUPLICATE_METHOD_MATCH = YES;
				CODE_SIGN_IDENTITY = "iPhone Developer";
				COPY_PHASE_STRIP = NO;
				DEBUG_INFORMATION_FORMAT = "dwarf-with-dsym";
				ENABLE_NS_ASSERTIONS = NO;
				ENABLE_STRICT_OBJC_MSGSEND = YES;
				GCC_C_LANGUAGE_STANDARD = gnu11;
				GCC_NO_COMMON_BLOCKS = YES;
				GCC_WARN_64_TO_32_BIT_CONVERSION = YES;
				GCC_WARN_ABOUT_RETURN_TYPE = YES_ERROR;
				GCC_WARN_UNDECLARED_SELECTOR = YES;
				GCC_WARN_UNINITIALIZED_AUTOS = YES_AGGRESSIVE;
				GCC_WARN_UNUSED_FUNCTION = YES;
				GCC_WARN_UNUSED_VARIABLE = YES;
				IPHONEOS_DEPLOYMENT_TARGET = 12.0;
				MTL_ENABLE_DEBUG_INFO = NO;
				MTL_FAST_MATH = YES;
				SDKROOT = iphoneos;
				SWIFT_COMPILATION_MODE = wholemodule;
				SWIFT_OPTIMIZATION_LEVEL = "-O";
				SWIFT_VERSION = 5.0;
				VALIDATE_PRODUCT = YES;
			};
			name = Release;
		};
		3EEAD07D227EB1B500B6540D /* Debug */ = {
			isa = XCBuildConfiguration;
			buildSettings = {
				ASSETCATALOG_COMPILER_APPICON_NAME = AppIcon;
				CODE_SIGN_IDENTITY = "iPhone Developer";
				CODE_SIGN_STYLE = Automatic;
				DEVELOPMENT_TEAM = KY9W9NLJDU;
				INFOPLIST_FILE = experiments/Info.plist;
				LD_RUNPATH_SEARCH_PATHS = (
					"$(inherited)",
					"@executable_path/Frameworks",
				);
				PRODUCT_BUNDLE_IDENTIFIER = com.4mfd.project.practice.experiments;
				PRODUCT_NAME = "$(TARGET_NAME)";
				PROVISIONING_PROFILE_SPECIFIER = "";
				SUPPORTED_PLATFORMS = "iphoneos iphonesimulator macosx";
				SUPPORTS_MACCATALYST = NO;
				SUPPORTS_MAC_DESIGNED_FOR_IPHONE_IPAD = YES;
				SWIFT_VERSION = 5.0;
				TARGETED_DEVICE_FAMILY = "1,2";
			};
			name = Debug;
		};
		3EEAD07E227EB1B500B6540D /* Release */ = {
			isa = XCBuildConfiguration;
			buildSettings = {
				ASSETCATALOG_COMPILER_APPICON_NAME = AppIcon;
				CODE_SIGN_IDENTITY = "iPhone Developer";
				CODE_SIGN_STYLE = Automatic;
				DEVELOPMENT_TEAM = KY9W9NLJDU;
				INFOPLIST_FILE = experiments/Info.plist;
				LD_RUNPATH_SEARCH_PATHS = (
					"$(inherited)",
					"@executable_path/Frameworks",
				);
				PRODUCT_BUNDLE_IDENTIFIER = com.4mfd.project.practice.experiments;
				PRODUCT_NAME = "$(TARGET_NAME)";
				PROVISIONING_PROFILE_SPECIFIER = "";
				SUPPORTED_PLATFORMS = "iphoneos iphonesimulator macosx";
				SUPPORTS_MACCATALYST = NO;
				SUPPORTS_MAC_DESIGNED_FOR_IPHONE_IPAD = YES;
				SWIFT_VERSION = 5.0;
				TARGETED_DEVICE_FAMILY = "1,2";
			};
			name = Release;
		};
		3EEAD080227EB1B500B6540D /* Debug */ = {
			isa = XCBuildConfiguration;
			buildSettings = {
				ALWAYS_EMBED_SWIFT_STANDARD_LIBRARIES = YES;
				BUNDLE_LOADER = "$(TEST_HOST)";
				CODE_SIGN_STYLE = Automatic;
				DEVELOPMENT_TEAM = KY9W9NLJDU;
				INFOPLIST_FILE = experimentsTests/Info.plist;
				LD_RUNPATH_SEARCH_PATHS = (
					"$(inherited)",
					"@executable_path/Frameworks",
					"@loader_path/Frameworks",
				);
				PRODUCT_BUNDLE_IDENTIFIER = com.4mfd.project.practice.experimentsTests;
				PRODUCT_NAME = "$(TARGET_NAME)";
				SWIFT_VERSION = 5.0;
				TARGETED_DEVICE_FAMILY = "1,2";
				TEST_HOST = "$(BUILT_PRODUCTS_DIR)/experiments.app/experiments";
			};
			name = Debug;
		};
		3EEAD081227EB1B500B6540D /* Release */ = {
			isa = XCBuildConfiguration;
			buildSettings = {
				ALWAYS_EMBED_SWIFT_STANDARD_LIBRARIES = YES;
				BUNDLE_LOADER = "$(TEST_HOST)";
				CODE_SIGN_STYLE = Automatic;
				DEVELOPMENT_TEAM = KY9W9NLJDU;
				INFOPLIST_FILE = experimentsTests/Info.plist;
				LD_RUNPATH_SEARCH_PATHS = (
					"$(inherited)",
					"@executable_path/Frameworks",
					"@loader_path/Frameworks",
				);
				PRODUCT_BUNDLE_IDENTIFIER = com.4mfd.project.practice.experimentsTests;
				PRODUCT_NAME = "$(TARGET_NAME)";
				SWIFT_VERSION = 5.0;
				TARGETED_DEVICE_FAMILY = "1,2";
				TEST_HOST = "$(BUILT_PRODUCTS_DIR)/experiments.app/experiments";
			};
			name = Release;
		};
/* End XCBuildConfiguration section */

/* Begin XCConfigurationList section */
		3EEAD05A227EB1B400B6540D /* Build configuration list for PBXProject "experiments" */ = {
			isa = XCConfigurationList;
			buildConfigurations = (
				3EEAD07A227EB1B500B6540D /* Debug */,
				3EC1BA6422A38D6200E1F53A /* Staging */,
				3EEAD07B227EB1B500B6540D /* Release */,
			);
			defaultConfigurationIsVisible = 0;
			defaultConfigurationName = Release;
		};
		3EEAD07C227EB1B500B6540D /* Build configuration list for PBXNativeTarget "experiments" */ = {
			isa = XCConfigurationList;
			buildConfigurations = (
				3EEAD07D227EB1B500B6540D /* Debug */,
				3EC1BA6522A38D6200E1F53A /* Staging */,
				3EEAD07E227EB1B500B6540D /* Release */,
			);
			defaultConfigurationIsVisible = 0;
			defaultConfigurationName = Release;
		};
		3EEAD07F227EB1B500B6540D /* Build configuration list for PBXNativeTarget "experimentsTests" */ = {
			isa = XCConfigurationList;
			buildConfigurations = (
				3EEAD080227EB1B500B6540D /* Debug */,
				3EC1BA6622A38D6200E1F53A /* Staging */,
				3EEAD081227EB1B500B6540D /* Release */,
			);
			defaultConfigurationIsVisible = 0;
			defaultConfigurationName = Release;
		};
/* End XCConfigurationList section */
	};
	rootObject = 3EEAD057227EB1B400B6540D /* Project object */;
}
